
Microsoft Visual Studio Solution File, Format Version 11.00
# Visual Studio 2010
Project("{FAE04EC0-301F-11D3-BF4B-00C04F79EFBC}") = "PasswordManager", "PasswordManager\PasswordManager.csproj", "{5700CEF0-6E47-4463-B25D-594E3054FD12}"
EndProject
Global
	GlobalSection(SolutionConfigurationPlatforms) = preSolution
		Debug|x86 = Debug|x86
		Release|x86 = Release|x86
	EndGlobalSection
	GlobalSection(ProjectConfigurationPlatforms) = postSolution
		{5700CEF0-6E47-4463-B25D-594E3054FD12}.Debug|x86.ActiveCfg = Debug|x86
		{5700CEF0-6E47-4463-B25D-594E3054FD12}.Debug|x86.Build.0 = Debug|x86
		{5700CEF0-6E47-4463-B25D-594E3054FD12}.Release|x86.ActiveCfg = Release|x86
		{5700CEF0-6E47-4463-B25D-594E3054FD12}.Release|x86.Build.0 = Release|x86
	EndGlobalSection
	GlobalSection(SolutionProperties) = preSolution
		HideSolutionNode = FALSE
	EndGlobalSection
EndGlobal
